// !$*UTF8*$!
{
	archiveVersion = 1;
	classes = {
	};
	objectVersion = 50;
	objects = {

/* Begin PBXBuildFile section */
		576FA3B025DC6FEB008E7AD7 /* AppDelegate.m in Sources */ = {isa = PBXBuildFile; fileRef = 576FA3AF25DC6FEB008E7AD7 /* AppDelegate.m */; };
		576FA3B325DC6FEB008E7AD7 /* SceneDelegate.m in Sources */ = {isa = PBXBuildFile; fileRef = 576FA3B225DC6FEB008E7AD7 /* SceneDelegate.m */; };
		576FA3B625DC6FEB008E7AD7 /* ViewController.m in Sources */ = {isa = PBXBuildFile; fileRef = 576FA3B525DC6FEB008E7AD7 /* ViewController.m */; };
		576FA3B925DC6FEB008E7AD7 /* Main.storyboard in Resources */ = {isa = PBXBuildFile; fileRef = 576FA3B725DC6FEB008E7AD7 /* Main.storyboard */; };
		576FA3BB25DC6FEF008E7AD7 /* Assets.xcassets in Resources */ = {isa = PBXBuildFile; fileRef = 576FA3BA25DC6FEF008E7AD7 /* Assets.xcassets */; };
		576FA3BE25DC6FEF008E7AD7 /* LaunchScreen.storyboard in Resources */ = {isa = PBXBuildFile; fileRef = 576FA3BC25DC6FEF008E7AD7 /* LaunchScreen.storyboard */; };
		576FA3C125DC6FEF008E7AD7 /* main.m in Sources */ = {isa = PBXBuildFile; fileRef = 576FA3C025DC6FEF008E7AD7 /* main.m */; };
		576FA3CB25DC6FF0008E7AD7 /* HW1_HelloWorldTests.m in Sources */ = {isa = PBXBuildFile; fileRef = 576FA3CA25DC6FF0008E7AD7 /* HW1_HelloWorldTests.m */; };
		576FA3D625DC6FF0008E7AD7 /* HW1_HelloWorldUITests.m in Sources */ = {isa = PBXBuildFile; fileRef = 576FA3D525DC6FF0008E7AD7 /* HW1_HelloWorldUITests.m */; };
/* End PBXBuildFile section */

/* Begin PBXContainerItemProxy section */
		576FA3C725DC6FF0008E7AD7 /* PBXContainerItemProxy */ = {
			isa = PBXContainerItemProxy;
			containerPortal = 576FA3A325DC6FEB008E7AD7 /* Project object */;
			proxyType = 1;
			remoteGlobalIDString = 576FA3AA25DC6FEB008E7AD7;
			remoteInfo = HW1_HelloWorld;
		};
		576FA3D225DC6FF0008E7AD7 /* PBXContainerItemProxy */ = {
			isa = PBXContainerItemProxy;
			containerPortal = 576FA3A325DC6FEB008E7AD7 /* Project object */;
			proxyType = 1;
			remoteGlobalIDString = 576FA3AA25DC6FEB008E7AD7;
			remoteInfo = HW1_HelloWorld;
		};
/* End PBXContainerItemProxy section */

/* Begin PBXFileReference section */
		576FA3AB25DC6FEB008E7AD7 /* HW1_HelloWorld.app */ = {isa = PBXFileReference; explicitFileType = wrapper.application; includeInIndex = 0; path = HW1_HelloWorld.app; sourceTree = BUILT_PRODUCTS_DIR; };
		576FA3AE25DC6FEB008E7AD7 /* AppDelegate.h */ = {isa = PBXFileReference; lastKnownFileType = sourcecode.c.h; path = AppDelegate.h; sourceTree = "<group>"; };
		576FA3AF25DC6FEB008E7AD7 /* AppDelegate.m */ = {isa = PBXFileReference; lastKnownFileType = sourcecode.c.objc; path = AppDelegate.m; sourceTree = "<group>"; };
		576FA3B125DC6FEB008E7AD7 /* SceneDelegate.h */ = {isa = PBXFileReference; lastKnownFileType = sourcecode.c.h; path = SceneDelegate.h; sourceTree = "<group>"; };
		576FA3B225DC6FEB008E7AD7 /* SceneDelegate.m */ = {isa = PBXFileReference; lastKnownFileType = sourcecode.c.objc; path = SceneDelegate.m; sourceTree = "<group>"; };
		576FA3B425DC6FEB008E7AD7 /* ViewController.h */ = {isa = PBXFileReference; lastKnownFileType = sourcecode.c.h; path = ViewController.h; sourceTree = "<group>"; };
		576FA3B525DC6FEB008E7AD7 /* ViewController.m */ = {isa = PBXFileReference; lastKnownFileType = sourcecode.c.objc; path = ViewController.m; sourceTree = "<group>"; };
		576FA3B825DC6FEB008E7AD7 /* Base */ = {isa = PBXFileReference; lastKnownFileType = file.storyboard; name = Base; path = Base.lproj/Main.storyboard; sourceTree = "<group>"; };
		576FA3BA25DC6FEF008E7AD7 /* Assets.xcassets */ = {isa = PBXFileReference; lastKnownFileType = folder.assetcatalog; path = Assets.xcassets; sourceTree = "<group>"; };
		576FA3BD25DC6FEF008E7AD7 /* Base */ = {isa = PBXFileReference; lastKnownFileType = file.storyboard; name = Base; path = Base.lproj/LaunchScreen.storyboard; sourceTree = "<group>"; };
		576FA3BF25DC6FEF008E7AD7 /* Info.plist */ = {isa = PBXFileReference; lastKnownFileType = text.plist.xml; path = Info.plist; sourceTree = "<group>"; };
		576FA3C025DC6FEF008E7AD7 /* main.m */ = {isa = PBXFileReference; lastKnownFileType = sourcecode.c.objc; path = main.m; sourceTree = "<group>"; };
		576FA3C625DC6FF0008E7AD7 /* HW1_HelloWorldTests.xctest */ = {isa = PBXFileReference; explicitFileType = wrapper.cfbundle; includeInIndex = 0; path = HW1_HelloWorldTests.xctest; sourceTree = BUILT_PRODUCTS_DIR; };
		576FA3CA25DC6FF0008E7AD7 /* HW1_HelloWorldTests.m */ = {isa = PBXFileReference; lastKnownFileType = sourcecode.c.objc; path = HW1_HelloWorldTests.m; sourceTree = "<group>"; };
		576FA3CC25DC6FF0008E7AD7 /* Info.plist */ = {isa = PBXFileReference; lastKnownFileType = text.plist.xml; path = Info.plist; sourceTree = "<group>"; };
		576FA3D125DC6FF0008E7AD7 /* HW1_HelloWorldUITests.xctest */ = {isa = PBXFileReference; explicitFileType = wrapper.cfbundle; includeInIndex = 0; path = HW1_HelloWorldUITests.xctest; sourceTree = BUILT_PRODUCTS_DIR; };
		576FA3D525DC6FF0008E7AD7 /* HW1_HelloWorldUITests.m */ = {isa = PBXFileReference; lastKnownFileType = sourcecode.c.objc; path = HW1_HelloWorldUITests.m; sourceTree = "<group>"; };
		576FA3D725DC6FF0008E7AD7 /* Info.plist */ = {isa = PBXFileReference; lastKnownFileType = text.plist.xml; path = Info.plist; sourceTree = "<group>"; };
/* End PBXFileReference section */

/* Begin PBXFrameworksBuildPhase section */
		576FA3A825DC6FEB008E7AD7 /* Frameworks */ = {
			isa = PBXFrameworksBuildPhase;
			buildActionMask = 2147483647;
			files = (
			);
			runOnlyForDeploymentPostprocessing = 0;
		};
		576FA3C325DC6FF0008E7AD7 /* Frameworks */ = {
			isa = PBXFrameworksBuildPhase;
			buildActionMask = 2147483647;
			files = (
			);
			runOnlyForDeploymentPostprocessing = 0;
		};
		576FA3CE25DC6FF0008E7AD7 /* Frameworks */ = {
			isa = PBXFrameworksBuildPhase;
			buildActionMask = 2147483647;
			files = (
			);
			runOnlyForDeploymentPostprocessing = 0;
		};
/* End PBXFrameworksBuildPhase section */

/* Begin PBXGroup section */
		576FA3A225DC6FEB008E7AD7 = {
			isa = PBXGroup;
			children = (
				576FA3AD25DC6FEB008E7AD7 /* HW1_HelloWorld */,
				576FA3C925DC6FF0008E7AD7 /* HW1_HelloWorldTests */,
				576FA3D425DC6FF0008E7AD7 /* HW1_HelloWorldUITests */,
				576FA3AC25DC6FEB008E7AD7 /* Products */,
			);
			sourceTree = "<group>";
		};
		576FA3AC25DC6FEB008E7AD7 /* Products */ = {
			isa = PBXGroup;
			children = (
				576FA3AB25DC6FEB008E7AD7 /* HW1_HelloWorld.app */,
				576FA3C625DC6FF0008E7AD7 /* HW1_HelloWorldTests.xctest */,
				576FA3D125DC6FF0008E7AD7 /* HW1_HelloWorldUITests.xctest */,
			);
			name = Products;
			sourceTree = "<group>";
		};
		576FA3AD25DC6FEB008E7AD7 /* HW1_HelloWorld */ = {
			isa = PBXGroup;
			children = (
				576FA3AE25DC6FEB008E7AD7 /* AppDelegate.h */,
				576FA3AF25DC6FEB008E7AD7 /* AppDelegate.m */,
				576FA3B125DC6FEB008E7AD7 /* SceneDelegate.h */,
				576FA3B225DC6FEB008E7AD7 /* SceneDelegate.m */,
				576FA3B425DC6FEB008E7AD7 /* ViewController.h */,
				576FA3B525DC6FEB008E7AD7 /* ViewController.m */,
				576FA3B725DC6FEB008E7AD7 /* Main.storyboard */,
				576FA3BA25DC6FEF008E7AD7 /* Assets.xcassets */,
				576FA3BC25DC6FEF008E7AD7 /* LaunchScreen.storyboard */,
				576FA3BF25DC6FEF008E7AD7 /* Info.plist */,
				576FA3C025DC6FEF008E7AD7 /* main.m */,
			);
			path = HW1_HelloWorld;
			sourceTree = "<group>";
		};
		576FA3C925DC6FF0008E7AD7 /* HW1_HelloWorldTests */ = {
			isa = PBXGroup;
			children = (
				576FA3CA25DC6FF0008E7AD7 /* HW1_HelloWorldTests.m */,
				576FA3CC25DC6FF0008E7AD7 /* Info.plist */,
			);
			path = HW1_HelloWorldTests;
			sourceTree = "<group>";
		};
		576FA3D425DC6FF0008E7AD7 /* HW1_HelloWorldUITests */ = {
			isa = PBXGroup;
			children = (
				576FA3D525DC6FF0008E7AD7 /* HW1_HelloWorldUITests.m */,
				576FA3D725DC6FF0008E7AD7 /* Info.plist */,
			);
			path = HW1_HelloWorldUITests;
			sourceTree = "<group>";
		};
/* End PBXGroup section */

/* Begin PBXNativeTarget section */
		576FA3AA25DC6FEB008E7AD7 /* HW1_HelloWorld */ = {
			isa = PBXNativeTarget;
			buildConfigurationList = 576FA3DA25DC6FF0008E7AD7 /* Build configuration list for PBXNativeTarget "HW1_HelloWorld" */;
			buildPhases = (
				576FA3A725DC6FEB008E7AD7 /* Sources */,
				576FA3A825DC6FEB008E7AD7 /* Frameworks */,
				576FA3A925DC6FEB008E7AD7 /* Resources */,
			);
			buildRules = (
			);
			dependencies = (
			);
			name = HW1_HelloWorld;
			productName = HW1_HelloWorld;
			productReference = 576FA3AB25DC6FEB008E7AD7 /* HW1_HelloWorld.app */;
			productType = "com.apple.product-type.application";
		};
		576FA3C525DC6FF0008E7AD7 /* HW1_HelloWorldTests */ = {
			isa = PBXNativeTarget;
			buildConfigurationList = 576FA3DD25DC6FF0008E7AD7 /* Build configuration list for PBXNativeTarget "HW1_HelloWorldTests" */;
			buildPhases = (
				576FA3C225DC6FF0008E7AD7 /* Sources */,
				576FA3C325DC6FF0008E7AD7 /* Frameworks */,
				576FA3C425DC6FF0008E7AD7 /* Resources */,
			);
			buildRules = (
			);
			dependencies = (
				576FA3C825DC6FF0008E7AD7 /* PBXTargetDependency */,
			);
			name = HW1_HelloWorldTests;
			productName = HW1_HelloWorldTests;
			productReference = 576FA3C625DC6FF0008E7AD7 /* HW1_HelloWorldTests.xctest */;
			productType = "com.apple.product-type.bundle.unit-test";
		};
		576FA3D025DC6FF0008E7AD7 /* HW1_HelloWorldUITests */ = {
			isa = PBXNativeTarget;
			buildConfigurationList = 576FA3E025DC6FF0008E7AD7 /* Build configuration list for PBXNativeTarget "HW1_HelloWorldUITests" */;
			buildPhases = (
				576FA3CD25DC6FF0008E7AD7 /* Sources */,
				576FA3CE25DC6FF0008E7AD7 /* Frameworks */,
				576FA3CF25DC6FF0008E7AD7 /* Resources */,
			);
			buildRules = (
			);
			dependencies = (
				576FA3D325DC6FF0008E7AD7 /* PBXTargetDependency */,
			);
			name = HW1_HelloWorldUITests;
			productName = HW1_HelloWorldUITests;
			productReference = 576FA3D125DC6FF0008E7AD7 /* HW1_HelloWorldUITests.xctest */;
			productType = "com.apple.product-type.bundle.ui-testing";
		};
/* End PBXNativeTarget section */

/* Begin PBXProject section */
		576FA3A325DC6FEB008E7AD7 /* Project object */ = {
			isa = PBXProject;
			attributes = {
				LastUpgradeCheck = 1240;
				TargetAttributes = {
					576FA3AA25DC6FEB008E7AD7 = {
						CreatedOnToolsVersion = 12.4;
					};
					576FA3C525DC6FF0008E7AD7 = {
						CreatedOnToolsVersion = 12.4;
						TestTargetID = 576FA3AA25DC6FEB008E7AD7;
					};
					576FA3D025DC6FF0008E7AD7 = {
						CreatedOnToolsVersion = 12.4;
						TestTargetID = 576FA3AA25DC6FEB008E7AD7;
					};
				};
			};
			buildConfigurationList = 576FA3A625DC6FEB008E7AD7 /* Build configuration list for PBXProject "HW1_HelloWorld" */;
			compatibilityVersion = "Xcode 9.3";
			developmentRegion = en;
			hasScannedForEncodings = 0;
			knownRegions = (
				en,
				Base,
			);
			mainGroup = 576FA3A225DC6FEB008E7AD7;
			productRefGroup = 576FA3AC25DC6FEB008E7AD7 /* Products */;
			projectDirPath = "";
			projectRoot = "";
			targets = (
				576FA3AA25DC6FEB008E7AD7 /* HW1_HelloWorld */,
				576FA3C525DC6FF0008E7AD7 /* HW1_HelloWorldTests */,
				576FA3D025DC6FF0008E7AD7 /* HW1_HelloWorldUITests */,
			);
		};
/* End PBXProject section */

/* Begin PBXResourcesBuildPhase section */
		576FA3A925DC6FEB008E7AD7 /* Resources */ = {
			isa = PBXResourcesBuildPhase;
			buildActionMask = 2147483647;
			files = (
				576FA3BE25DC6FEF008E7AD7 /* LaunchScreen.storyboard in Resources */,
				576FA3BB25DC6FEF008E7AD7 /* Assets.xcassets in Resources */,
				576FA3B925DC6FEB008E7AD7 /* Main.storyboard in Resources */,
			);
			runOnlyForDeploymentPostprocessing = 0;
		};
		576FA3C425DC6FF0008E7AD7 /* Resources */ = {
			isa = PBXResourcesBuildPhase;
			buildActionMask = 2147483647;
			files = (
			);
			runOnlyForDeploymentPostprocessing = 0;
		};
		576FA3CF25DC6FF0008E7AD7 /* Resources */ = {
			isa = PBXResourcesBuildPhase;
			buildActionMask = 2147483647;
			files = (
			);
			runOnlyForDeploymentPostprocessing = 0;
		};
/* End PBXResourcesBuildPhase section */

/* Begin PBXSourcesBuildPhase section */
		576FA3A725DC6FEB008E7AD7 /* Sources */ = {
			isa = PBXSourcesBuildPhase;
			buildActionMask = 2147483647;
			files = (
				576FA3B625DC6FEB008E7AD7 /* ViewController.m in Sources */,
				576FA3B025DC6FEB008E7AD7 /* AppDelegate.m in Sources */,
				576FA3C125DC6FEF008E7AD7 /* main.m in Sources */,
				576FA3B325DC6FEB008E7AD7 /* SceneDelegate.m in Sources */,
			);
			runOnlyForDeploymentPostprocessing = 0;
		};
		576FA3C225DC6FF0008E7AD7 /* Sources */ = {
			isa = PBXSourcesBuildPhase;
			buildActionMask = 2147483647;
			files = (
				576FA3CB25DC6FF0008E7AD7 /* HW1_HelloWorldTests.m in Sources */,
			);
			runOnlyForDeploymentPostprocessing = 0;
		};
		576FA3CD25DC6FF0008E7AD7 /* Sources */ = {
			isa = PBXSourcesBuildPhase;
			buildActionMask = 2147483647;
			files = (
				576FA3D625DC6FF0008E7AD7 /* HW1_HelloWorldUITests.m in Sources */,
			);
			runOnlyForDeploymentPostprocessing = 0;
		};
/* End PBXSourcesBuildPhase section */

/* Begin PBXTargetDependency section */
		576FA3C825DC6FF0008E7AD7 /* PBXTargetDependency */ = {
			isa = PBXTargetDependency;
			target = 576FA3AA25DC6FEB008E7AD7 /* HW1_HelloWorld */;
			targetProxy = 576FA3C725DC6FF0008E7AD7 /* PBXContainerItemProxy */;
		};
		576FA3D325DC6FF0008E7AD7 /* PBXTargetDependency */ = {
			isa = PBXTargetDependency;
			target = 576FA3AA25DC6FEB008E7AD7 /* HW1_HelloWorld */;
			targetProxy = 576FA3D225DC6FF0008E7AD7 /* PBXContainerItemProxy */;
		};
/* End PBXTargetDependency section */

/* Begin PBXVariantGroup section */
		576FA3B725DC6FEB008E7AD7 /* Main.storyboard */ = {
			isa = PBXVariantGroup;
			children = (
				576FA3B825DC6FEB008E7AD7 /* Base */,
			);
			name = Main.storyboard;
			sourceTree = "<group>";
		};
		576FA3BC25DC6FEF008E7AD7 /* LaunchScreen.storyboard */ = {
			isa = PBXVariantGroup;
			children = (
				576FA3BD25DC6FEF008E7AD7 /* Base */,
			);
			name = LaunchScreen.storyboard;
			sourceTree = "<group>";
		};
/* End PBXVariantGroup section */

/* Begin XCBuildConfiguration section */
		576FA3D825DC6FF0008E7AD7 /* Debug */ = {
			isa = XCBuildConfiguration;
			buildSettings = {
				ALWAYS_SEARCH_USER_PATHS = NO;
				CLANG_ANALYZER_NONNULL = YES;
				CLANG_ANALYZER_NUMBER_OBJECT_CONVERSION = YES_AGGRESSIVE;
				CLANG_CXX_LANGUAGE_STANDARD = "gnu++14";
				CLANG_CXX_LIBRARY = "libc++";
				CLANG_ENABLE_MODULES = YES;
				CLANG_ENABLE_OBJC_ARC = YES;
				CLANG_ENABLE_OBJC_WEAK = YES;
				CLANG_WARN_BLOCK_CAPTURE_AUTORELEASING = YES;
				CLANG_WARN_BOOL_CONVERSION = YES;
				CLANG_WARN_COMMA = YES;
				CLANG_WARN_CONSTANT_CONVERSION = YES;
				CLANG_WARN_DEPRECATED_OBJC_IMPLEMENTATIONS = YES;
				CLANG_WARN_DIRECT_OBJC_ISA_USAGE = YES_ERROR;
				CLANG_WARN_DOCUMENTATION_COMMENTS = YES;
				CLANG_WARN_EMPTY_BODY = YES;
				CLANG_WARN_ENUM_CONVERSION = YES;
				CLANG_WARN_INFINITE_RECURSION = YES;
				CLANG_WARN_INT_CONVERSION = YES;
				CLANG_WARN_NON_LITERAL_NULL_CONVERSION = YES;
				CLANG_WARN_OBJC_IMPLICIT_RETAIN_SELF = YES;
				CLANG_WARN_OBJC_LITERAL_CONVERSION = YES;
				CLANG_WARN_OBJC_ROOT_CLASS = YES_ERROR;
				CLANG_WARN_QUOTED_INCLUDE_IN_FRAMEWORK_HEADER = YES;
				CLANG_WARN_RANGE_LOOP_ANALYSIS = YES;
				CLANG_WARN_STRICT_PROTOTYPES = YES;
				CLANG_WARN_SUSPICIOUS_MOVE = YES;
				CLANG_WARN_UNGUARDED_AVAILABILITY = YES_AGGRESSIVE;
				CLANG_WARN_UNREACHABLE_CODE = YES;
				CLANG_WARN__DUPLICATE_METHOD_MATCH = YES;
				COPY_PHASE_STRIP = NO;
				DEBUG_INFORMATION_FORMAT = dwarf;
				ENABLE_STRICT_OBJC_MSGSEND = YES;
				ENABLE_TESTABILITY = YES;
				GCC_C_LANGUAGE_STANDARD = gnu11;
				GCC_DYNAMIC_NO_PIC = NO;
				GCC_NO_COMMON_BLOCKS = YES;
				GCC_OPTIMIZATION_LEVEL = 0;
				GCC_PREPROCESSOR_DEFINITIONS = (
					"DEBUG=1",
					"$(inherited)",
				);
				GCC_WARN_64_TO_32_BIT_CONVERSION = YES;
				GCC_WARN_ABOUT_RETURN_TYPE = YES_ERROR;
				GCC_WARN_UNDECLARED_SELECTOR = YES;
				GCC_WARN_UNINITIALIZED_AUTOS = YES_AGGRESSIVE;
				GCC_WARN_UNUSED_FUNCTION = YES;
				GCC_WARN_UNUSED_VARIABLE = YES;
				IPHONEOS_DEPLOYMENT_TARGET = 14.4;
				MTL_ENABLE_DEBUG_INFO = INCLUDE_SOURCE;
				MTL_FAST_MATH = YES;
				ONLY_ACTIVE_ARCH = YES;
				SDKROOT = iphoneos;
			};
			name = Debug;
		};
		576FA3D925DC6FF0008E7AD7 /* Release */ = {
			isa = XCBuildConfiguration;
			buildSettings = {
				ALWAYS_SEARCH_USER_PATHS = NO;
				CLANG_ANALYZER_NONNULL = YES;
				CLANG_ANALYZER_NUMBER_OBJECT_CONVERSION = YES_AGGRESSIVE;
				CLANG_CXX_LANGUAGE_STANDARD = "gnu++14";
				CLANG_CXX_LIBRARY = "libc++";
				CLANG_ENABLE_MODULES = YES;
				CLANG_ENABLE_OBJC_ARC = YES;
				CLANG_ENABLE_OBJC_WEAK = YES;
				CLANG_WARN_BLOCK_CAPTURE_AUTORELEASING = YES;
				CLANG_WARN_BOOL_CONVERSION = YES;
				CLANG_WARN_COMMA = YES;
				CLANG_WARN_CONSTANT_CONVERSION = YES;
				CLANG_WARN_DEPRECATED_OBJC_IMPLEMENTATIONS = YES;
				CLANG_WARN_DIRECT_OBJC_ISA_USAGE = YES_ERROR;
				CLANG_WARN_DOCUMENTATION_COMMENTS = YES;
				CLANG_WARN_EMPTY_BODY = YES;
				CLANG_WARN_ENUM_CONVERSION = YES;
				CLANG_WARN_INFINITE_RECURSION = YES;
				CLANG_WARN_INT_CONVERSION = YES;
				CLANG_WARN_NON_LITERAL_NULL_CONVERSION = YES;
				CLANG_WARN_OBJC_IMPLICIT_RETAIN_SELF = YES;
				CLANG_WARN_OBJC_LITERAL_CONVERSION = YES;
				CLANG_WARN_OBJC_ROOT_CLASS = YES_ERROR;
				CLANG_WARN_QUOTED_INCLUDE_IN_FRAMEWORK_HEADER = YES;
				CLANG_WARN_RANGE_LOOP_ANALYSIS = YES;
				CLANG_WARN_STRICT_PROTOTYPES = YES;
				CLANG_WARN_SUSPICIOUS_MOVE = YES;
				CLANG_WARN_UNGUARDED_AVAILABILITY = YES_AGGRESSIVE;
				CLANG_WARN_UNREACHABLE_CODE = YES;
				CLANG_WARN__DUPLICATE_METHOD_MATCH = YES;
				COPY_PHASE_STRIP = NO;
				DEBUG_INFORMATION_FORMAT = "dwarf-with-dsym";
				ENABLE_NS_ASSERTIONS = NO;
				ENABLE_STRICT_OBJC_MSGSEND = YES;
				GCC_C_LANGUAGE_STANDARD = gnu11;
				GCC_NO_COMMON_BLOCKS = YES;
				GCC_WARN_64_TO_32_BIT_CONVERSION = YES;
				GCC_WARN_ABOUT_RETURN_TYPE = YES_ERROR;
				GCC_WARN_UNDECLARED_SELECTOR = YES;
				GCC_WARN_UNINITIALIZED_AUTOS = YES_AGGRESSIVE;
				GCC_WARN_UNUSED_FUNCTION = YES;
				GCC_WARN_UNUSED_VARIABLE = YES;
				IPHONEOS_DEPLOYMENT_TARGET = 14.4;
				MTL_ENABLE_DEBUG_INFO = NO;
				MTL_FAST_MATH = YES;
				SDKROOT = iphoneos;
				VALIDATE_PRODUCT = YES;
			};
			name = Release;
		};
		576FA3DB25DC6FF0008E7AD7 /* Debug */ = {
			isa = XCBuildConfiguration;
			buildSettings = {
				ASSETCATALOG_COMPILER_APPICON_NAME = AppIcon;
				ASSETCATALOG_COMPILER_GLOBAL_ACCENT_COLOR_NAME = AccentColor;
				CODE_SIGN_STYLE = Automatic;
				DEVELOPMENT_TEAM = 4C7WMFF7BR;
				INFOPLIST_FILE = HW1_HelloWorld/Info.plist;
				LD_RUNPATH_SEARCH_PATHS = (
					"$(inherited)",
					"@executable_path/Frameworks",
				);
				PRODUCT_BUNDLE_IDENTIFIER = "KeremGurses.HW1-HelloWorld";
				PRODUCT_NAME = "$(TARGET_NAME)";
				TARGETED_DEVICE_FAMILY = "1,2";
			};
			name = Debug;
		};
		576FA3DC25DC6FF0008E7AD7 /* Release */ = {
			isa = XCBuildConfiguration;
			buildSettings = {
				ASSETCATALOG_COMPILER_APPICON_NAME = AppIcon;
				ASSETCATALOG_COMPILER_GLOBAL_ACCENT_COLOR_NAME = AccentColor;
				CODE_SIGN_STYLE = Automatic;
				DEVELOPMENT_TEAM = 4C7WMFF7BR;
				INFOPLIST_FILE = HW1_HelloWorld/Info.plist;
				LD_RUNPATH_SEARCH_PATHS = (
					"$(inherited)",
					"@executable_path/Frameworks",
				);
				PRODUCT_BUNDLE_IDENTIFIER = "KeremGurses.HW1-HelloWorld";
				PRODUCT_NAME = "$(TARGET_NAME)";
				TARGETED_DEVICE_FAMILY = "1,2";
			};
			name = Release;
		};
		576FA3DE25DC6FF0008E7AD7 /* Debug */ = {
			isa = XCBuildConfiguration;
			buildSettings = {
				BUNDLE_LOADER = "$(TEST_HOST)";
				CODE_SIGN_STYLE = Automatic;
				INFOPLIST_FILE = HW1_HelloWorldTests/Info.plist;
				IPHONEOS_DEPLOYMENT_TARGET = 14.4;
				LD_RUNPATH_SEARCH_PATHS = (
					"$(inherited)",
					"@executable_path/Frameworks",
					"@loader_path/Frameworks",
				);
				PRODUCT_BUNDLE_IDENTIFIER = "KeremGurses.HW1-HelloWorldTests";
				PRODUCT_NAME = "$(TARGET_NAME)";
				TARGETED_DEVICE_FAMILY = "1,2";
				TEST_HOST = "$(BUILT_PRODUCTS_DIR)/HW1_HelloWorld.app/HW1_HelloWorld";
			};
			name = Debug;
		};
		576FA3DF25DC6FF0008E7AD7 /* Release */ = {
			isa = XCBuildConfiguration;
			buildSettings = {
				BUNDLE_LOADER = "$(TEST_HOST)";
				CODE_SIGN_STYLE = Automatic;
				INFOPLIST_FILE = HW1_HelloWorldTests/Info.plist;
				IPHONEOS_DEPLOYMENT_TARGET = 14.4;
				LD_RUNPATH_SEARCH_PATHS = (
					"$(inherited)",
					"@executable_path/Frameworks",
					"@loader_path/Frameworks",
				);
				PRODUCT_BUNDLE_IDENTIFIER = "KeremGurses.HW1-HelloWorldTests";
				PRODUCT_NAME = "$(TARGET_NAME)";
				TARGETED_DEVICE_FAMILY = "1,2";
				TEST_HOST = "$(BUILT_PRODUCTS_DIR)/HW1_HelloWorld.app/HW1_HelloWorld";
			};
			name = Release;
		};
		576FA3E125DC6FF0008E7AD7 /* Debug */ = {
			isa = XCBuildConfiguration;
			buildSettings = {
				CODE_SIGN_STYLE = Automatic;
				INFOPLIST_FILE = HW1_HelloWorldUITests/Info.plist;
				LD_RUNPATH_SEARCH_PATHS = (
					"$(inherited)",
					"@executable_path/Frameworks",
					"@loader_path/Frameworks",
				);
				PRODUCT_BUNDLE_IDENTIFIER = "KeremGurses.HW1-HelloWorldUITests";
				PRODUCT_NAME = "$(TARGET_NAME)";
				TARGETED_DEVICE_FAMILY = "1,2";
				TEST_TARGET_NAME = HW1_HelloWorld;
			};
			name = Debug;
		};
		576FA3E225DC6FF0008E7AD7 /* Release */ = {
			isa = XCBuildConfiguration;
			buildSettings = {
				CODE_SIGN_STYLE = Automatic;
				INFOPLIST_FILE = HW1_HelloWorldUITests/Info.plist;
				LD_RUNPATH_SEARCH_PATHS = (
					"$(inherited)",
					"@executable_path/Frameworks",
					"@loader_path/Frameworks",
				);
				PRODUCT_BUNDLE_IDENTIFIER = "KeremGurses.HW1-HelloWorldUITests";
				PRODUCT_NAME = "$(TARGET_NAME)";
				TARGETED_DEVICE_FAMILY = "1,2";
				TEST_TARGET_NAME = HW1_HelloWorld;
			};
			name = Release;
		};
/* End XCBuildConfiguration section */

/* Begin XCConfigurationList section */
		576FA3A625DC6FEB008E7AD7 /* Build configuration list for PBXProject "HW1_HelloWorld" */ = {
			isa = XCConfigurationList;
			buildConfigurations = (
				576FA3D825DC6FF0008E7AD7 /* Debug */,
				576FA3D925DC6FF0008E7AD7 /* Release */,
			);
			defaultConfigurationIsVisible = 0;
			defaultConfigurationName = Release;
		};
		576FA3DA25DC6FF0008E7AD7 /* Build configuration list for PBXNativeTarget "HW1_HelloWorld" */ = {
			isa = XCConfigurationList;
			buildConfigurations = (
				576FA3DB25DC6FF0008E7AD7 /* Debug */,
				576FA3DC25DC6FF0008E7AD7 /* Release */,
			);
			defaultConfigurationIsVisible = 0;
			defaultConfigurationName = Release;
		};
		576FA3DD25DC6FF0008E7AD7 /* Build configuration list for PBXNativeTarget "HW1_HelloWorldTests" */ = {
			isa = XCConfigurationList;
			buildConfigurations = (
				576FA3DE25DC6FF0008E7AD7 /* Debug */,
				576FA3DF25DC6FF0008E7AD7 /* Release */,
			);
			defaultConfigurationIsVisible = 0;
			defaultConfigurationName = Release;
		};
		576FA3E025DC6FF0008E7AD7 /* Build configuration list for PBXNativeTarget "HW1_HelloWorldUITests" */ = {
			isa = XCConfigurationList;
			buildConfigurations = (
				576FA3E125DC6FF0008E7AD7 /* Debug */,
				576FA3E225DC6FF0008E7AD7 /* Release */,
			);
			defaultConfigurationIsVisible = 0;
			defaultConfigurationName = Release;
		};
/* End XCConfigurationList section */
	};
	rootObject = 576FA3A325DC6FEB008E7AD7 /* Project object */;
}
